
Microsoft Visual Studio Solution File, Format Version 12.00
# Visual Studio Version 16
VisualStudioVersion = 16.0.32901.82
MinimumVisualStudioVersion = 10.0.40219.1
Project("{FAE04EC0-301F-11D3-BF4B-00C04F79EFBC}") = "UserMaintenance", "UserMaintenance\UserMaintenance.csproj", "{89BC5B19-B49A-4A88-BF77-9B34545BE779}"
EndProject
Global
	GlobalSection(SolutionConfigurationPlatforms) = preSolution
		Debug|Any CPU = Debug|Any CPU
		Release|Any CPU = Release|Any CPU
	EndGlobalSection
	GlobalSection(ProjectConfigurationPlatforms) = postSolution
		{89BC5B19-B49A-4A88-BF77-9B34545BE779}.Debug|Any CPU.ActiveCfg = Debug|Any CPU
		{89BC5B19-B49A-4A88-BF77-9B34545BE779}.Debug|Any CPU.Build.0 = Debug|Any CPU
		{89BC5B19-B49A-4A88-BF77-9B34545BE779}.Release|Any CPU.ActiveCfg = Release|Any CPU
		{89BC5B19-B49A-4A88-BF77-9B34545BE779}.Release|Any CPU.Build.0 = Release|Any CPU
	EndGlobalSection
	GlobalSection(SolutionProperties) = preSolution
		HideSolutionNode = FALSE
	EndGlobalSection
	GlobalSection(ExtensibilityGlobals) = postSolution
		SolutionGuid = {910DF562-C422-4358-89E0-3D050010BB36}
	EndGlobalSection
EndGlobal
