
Microsoft Visual Studio Solution File, Format Version 12.00
# Visual Studio Version 16
VisualStudioVersion = 16.0.32901.82
MinimumVisualStudioVersion = 10.0.40219.1
Project("{FAE04EC0-301F-11D3-BF4B-00C04F79EFBC}") = "UserMaintenance", "UserMaintenance\UserMaintenance.csproj", "{89BC5B19-B49A-4A88-BF77-9B34545BE779}"
EndProject
Project("{FAE04EC0-301F-11D3-BF4B-00C04F79EFBC}") = "week04", "week04\week04.csproj", "{B1BAC296-6157-4A11-B0B2-E3FA560C7EE4}"
EndProject
Project("{FAE04EC0-301F-11D3-BF4B-00C04F79EFBC}") = "week05", "week05\week05.csproj", "{5A495EA3-A2E3-4CD9-851F-0C467D09697B}"
EndProject
Project("{FAE04EC0-301F-11D3-BF4B-00C04F79EFBC}") = "week06", "week06\week06.csproj", "{A0C3F159-C9E3-43B5-B562-0378007E5C94}"
EndProject
Project("{FAE04EC0-301F-11D3-BF4B-00C04F79EFBC}") = "week07", "week07\week07.csproj", "{27976711-EFEA-4DDD-8267-A4D26750F96E}"
EndProject
Project("{FAE04EC0-301F-11D3-BF4B-00C04F79EFBC}") = "UnitTestExample", "..\..\..\..\Downloads\UnitTestExample\UnitTestExample\UnitTestExample.csproj", "{F1FBDBB6-FEBA-421B-A647-484ED380E500}"
EndProject
Project("{FAE04EC0-301F-11D3-BF4B-00C04F79EFBC}") = "UnitTestExample.Test", "UnitTestExample.Test\UnitTestExample.Test.csproj", "{45A4C5DF-8420-404F-A3C2-FA2F4D5026F7}"
EndProject
Global
	GlobalSection(SolutionConfigurationPlatforms) = preSolution
		Debug|Any CPU = Debug|Any CPU
		Release|Any CPU = Release|Any CPU
	EndGlobalSection
	GlobalSection(ProjectConfigurationPlatforms) = postSolution
		{89BC5B19-B49A-4A88-BF77-9B34545BE779}.Debug|Any CPU.ActiveCfg = Debug|Any CPU
		{89BC5B19-B49A-4A88-BF77-9B34545BE779}.Debug|Any CPU.Build.0 = Debug|Any CPU
		{89BC5B19-B49A-4A88-BF77-9B34545BE779}.Release|Any CPU.ActiveCfg = Release|Any CPU
		{89BC5B19-B49A-4A88-BF77-9B34545BE779}.Release|Any CPU.Build.0 = Release|Any CPU
		{B1BAC296-6157-4A11-B0B2-E3FA560C7EE4}.Debug|Any CPU.ActiveCfg = Debug|Any CPU
		{B1BAC296-6157-4A11-B0B2-E3FA560C7EE4}.Debug|Any CPU.Build.0 = Debug|Any CPU
		{B1BAC296-6157-4A11-B0B2-E3FA560C7EE4}.Release|Any CPU.ActiveCfg = Release|Any CPU
		{B1BAC296-6157-4A11-B0B2-E3FA560C7EE4}.Release|Any CPU.Build.0 = Release|Any CPU
		{5A495EA3-A2E3-4CD9-851F-0C467D09697B}.Debug|Any CPU.ActiveCfg = Debug|Any CPU
		{5A495EA3-A2E3-4CD9-851F-0C467D09697B}.Debug|Any CPU.Build.0 = Debug|Any CPU
		{5A495EA3-A2E3-4CD9-851F-0C467D09697B}.Release|Any CPU.ActiveCfg = Release|Any CPU
		{5A495EA3-A2E3-4CD9-851F-0C467D09697B}.Release|Any CPU.Build.0 = Release|Any CPU
		{A0C3F159-C9E3-43B5-B562-0378007E5C94}.Debug|Any CPU.ActiveCfg = Debug|Any CPU
		{A0C3F159-C9E3-43B5-B562-0378007E5C94}.Debug|Any CPU.Build.0 = Debug|Any CPU
		{A0C3F159-C9E3-43B5-B562-0378007E5C94}.Release|Any CPU.ActiveCfg = Release|Any CPU
		{A0C3F159-C9E3-43B5-B562-0378007E5C94}.Release|Any CPU.Build.0 = Release|Any CPU
		{27976711-EFEA-4DDD-8267-A4D26750F96E}.Debug|Any CPU.ActiveCfg = Debug|Any CPU
		{27976711-EFEA-4DDD-8267-A4D26750F96E}.Debug|Any CPU.Build.0 = Debug|Any CPU
		{27976711-EFEA-4DDD-8267-A4D26750F96E}.Release|Any CPU.ActiveCfg = Release|Any CPU
		{27976711-EFEA-4DDD-8267-A4D26750F96E}.Release|Any CPU.Build.0 = Release|Any CPU
		{F1FBDBB6-FEBA-421B-A647-484ED380E500}.Debug|Any CPU.ActiveCfg = Debug|Any CPU
		{F1FBDBB6-FEBA-421B-A647-484ED380E500}.Debug|Any CPU.Build.0 = Debug|Any CPU
		{F1FBDBB6-FEBA-421B-A647-484ED380E500}.Release|Any CPU.ActiveCfg = Release|Any CPU
		{F1FBDBB6-FEBA-421B-A647-484ED380E500}.Release|Any CPU.Build.0 = Release|Any CPU
		{45A4C5DF-8420-404F-A3C2-FA2F4D5026F7}.Debug|Any CPU.ActiveCfg = Debug|Any CPU
		{45A4C5DF-8420-404F-A3C2-FA2F4D5026F7}.Debug|Any CPU.Build.0 = Debug|Any CPU
		{45A4C5DF-8420-404F-A3C2-FA2F4D5026F7}.Release|Any CPU.ActiveCfg = Release|Any CPU
		{45A4C5DF-8420-404F-A3C2-FA2F4D5026F7}.Release|Any CPU.Build.0 = Release|Any CPU
	EndGlobalSection
	GlobalSection(SolutionProperties) = preSolution
		HideSolutionNode = FALSE
	EndGlobalSection
	GlobalSection(ExtensibilityGlobals) = postSolution
		SolutionGuid = {910DF562-C422-4358-89E0-3D050010BB36}
	EndGlobalSection
EndGlobal
